{
    "_meta": {
        "hash": {
            "sha256": "93613ffe82225854dad0e3f61a787fe37ed537667c2a32f816edc213cb83da0a"
        },
        "pipfile-spec": 6,
        "requires": {
            "python_version": "3.8"
        },
        "sources": [
            {
                "name": "pypi",
                "url": "https://pypi.org/simple",
                "verify_ssl": true
            }
        ]
    },
    "default": {
        "word2number": {
            "hashes": [
                "sha256:70e27a5d387f67b04c71fbb7621c05930b19bfd26efd6851e6e0f9969dcde7d0"
            ],
            "index": "pypi",
            "version": "==1.1"
        }
    },
    "develop": {}
}
